dependencies:
- name: nats
  repository: https://nats-io.github.io/k8s/helm/charts/
  version: 0.19.13
- name: common
  repository: oci://registry-1.docker.io/bitnamicharts
  version: 2.3.0
digest: sha256:192de3b6c6faa8c02640458cf865801df8c477a4bdc03fc920f565154770f8da
generated: "2023-05-16T10:47:34.598473-04:00"
