dependencies:
- name: nats
  repository: https://nats-io.github.io/k8s/helm/charts/
  version: 0.19.17
- name: kube-arangodb
  repository: ""
  version: 1.2.32
- name: oauth2-proxy
  repository: https://oauth2-proxy.github.io/manifests
  version: 6.18.0
digest: sha256:e47cfd68a2ccf6dd86fff0633edd915a8d569f24b30aa8cd8a711a993d5c9a59
generated: "2023-10-26T16:38:38.625866-04:00"
